
Microsoft Visual Studio Solution File, Format Version 12.00
# Visual Studio Version 16
VisualStudioVersion = 16.0.32901.82
MinimumVisualStudioVersion = 10.0.40219.1
Project("{E24C65DC-7377-472B-9ABA-BC803B73C61A}") = "Egitim_Otomasyon", "Egitim_Otomasyon\", "{3AED442F-29CC-4BB3-8774-251141845072}"
	ProjectSection(WebsiteProperties) = preProject
		TargetFrameworkMoniker = ".NETFramework,Version%3Dv4.7.2"
		Debug.AspNetCompiler.VirtualPath = "/localhost_7804"
		Debug.AspNetCompiler.PhysicalPath = "Egitim_Otomasyon\"
		Debug.AspNetCompiler.TargetPath = "PrecompiledWeb\localhost_7804\"
		Debug.AspNetCompiler.Updateable = "true"
		Debug.AspNetCompiler.ForceOverwrite = "true"
		Debug.AspNetCompiler.FixedNames = "false"
		Debug.AspNetCompiler.Debug = "True"
		Release.AspNetCompiler.VirtualPath = "/localhost_7804"
		Release.AspNetCompiler.PhysicalPath = "Egitim_Otomasyon\"
		Release.AspNetCompiler.TargetPath = "PrecompiledWeb\localhost_7804\"
		Release.AspNetCompiler.Updateable = "true"
		Release.AspNetCompiler.ForceOverwrite = "true"
		Release.AspNetCompiler.FixedNames = "false"
		Release.AspNetCompiler.Debug = "False"
		VWDPort = "7804"
		SlnRelativePath = "Egitim_Otomasyon\"
		DefaultWebSiteLanguage = "Visual C#"
	EndProjectSection
EndProject
Global
	GlobalSection(SolutionConfigurationPlatforms) = preSolution
		Debug|Any CPU = Debug|Any CPU
	EndGlobalSection
	GlobalSection(ProjectConfigurationPlatforms) = postSolution
		{3AED442F-29CC-4BB3-8774-251141845072}.Debug|Any CPU.ActiveCfg = Debug|Any CPU
		{3AED442F-29CC-4BB3-8774-251141845072}.Debug|Any CPU.Build.0 = Debug|Any CPU
	EndGlobalSection
	GlobalSection(SolutionProperties) = preSolution
		HideSolutionNode = FALSE
	EndGlobalSection
	GlobalSection(ExtensibilityGlobals) = postSolution
		SolutionGuid = {61C4A571-66FA-4B09-957C-01083C317E8E}
	EndGlobalSection
EndGlobal
